
Microsoft Visual Studio Solution File, Format Version 12.00
Project("{FAE04EC0-301F-11D3-BF4B-00C04F79EFBC}") = "MonadicBits", "MonadicBits\MonadicBits.csproj", "{7DCD32CA-7AE6-4DC2-A6D9-0D021B144DD1}"
EndProject
Project("{FAE04EC0-301F-11D3-BF4B-00C04F79EFBC}") = "MonadicBitsTests", "MonadicBitsTests\MonadicBitsTests.csproj", "{A694D140-6B0B-4500-837F-B1FCA8FE3837}"
EndProject
Global
	GlobalSection(SolutionConfigurationPlatforms) = preSolution
		Debug|Any CPU = Debug|Any CPU
		Release|Any CPU = Release|Any CPU
	EndGlobalSection
	GlobalSection(ProjectConfigurationPlatforms) = postSolution
		{7DCD32CA-7AE6-4DC2-A6D9-0D021B144DD1}.Debug|Any CPU.ActiveCfg = Debug|Any CPU
		{7DCD32CA-7AE6-4DC2-A6D9-0D021B144DD1}.Debug|Any CPU.Build.0 = Debug|Any CPU
		{7DCD32CA-7AE6-4DC2-A6D9-0D021B144DD1}.Release|Any CPU.ActiveCfg = Release|Any CPU
		{7DCD32CA-7AE6-4DC2-A6D9-0D021B144DD1}.Release|Any CPU.Build.0 = Release|Any CPU
		{A694D140-6B0B-4500-837F-B1FCA8FE3837}.Debug|Any CPU.ActiveCfg = Debug|Any CPU
		{A694D140-6B0B-4500-837F-B1FCA8FE3837}.Debug|Any CPU.Build.0 = Debug|Any CPU
		{A694D140-6B0B-4500-837F-B1FCA8FE3837}.Release|Any CPU.ActiveCfg = Release|Any CPU
		{A694D140-6B0B-4500-837F-B1FCA8FE3837}.Release|Any CPU.Build.0 = Release|Any CPU
	EndGlobalSection
EndGlobal
